
Microsoft Visual Studio Solution File, Format Version 12.00
# Visual Studio Version 16
VisualStudioVersion = 16.0.31613.86
MinimumVisualStudioVersion = 10.0.40219.1
Project("{FAE04EC0-301F-11D3-BF4B-00C04F79EFBC}") = "WpfForm", "WpfForm\WpfForm.csproj", "{70094547-FACF-435C-BC5E-C1C931E5EB4B}"
EndProject
Global
	GlobalSection(SolutionConfigurationPlatforms) = preSolution
		Debug|Any CPU = Debug|Any CPU
		Release|Any CPU = Release|Any CPU
	EndGlobalSection
	GlobalSection(ProjectConfigurationPlatforms) = postSolution
		{70094547-FACF-435C-BC5E-C1C931E5EB4B}.Debug|Any CPU.ActiveCfg = Debug|Any CPU
		{70094547-FACF-435C-BC5E-C1C931E5EB4B}.Debug|Any CPU.Build.0 = Debug|Any CPU
		{70094547-FACF-435C-BC5E-C1C931E5EB4B}.Release|Any CPU.ActiveCfg = Release|Any CPU
		{70094547-FACF-435C-BC5E-C1C931E5EB4B}.Release|Any CPU.Build.0 = Release|Any CPU
	EndGlobalSection
	GlobalSection(SolutionProperties) = preSolution
		HideSolutionNode = FALSE
	EndGlobalSection
	GlobalSection(ExtensibilityGlobals) = postSolution
		SolutionGuid = {EB795428-37B2-418A-A703-58DAC82476BE}
	EndGlobalSection
EndGlobal
